
Microsoft Visual Studio Solution File, Format Version 12.00
# Visual Studio Version 17
VisualStudioVersion = 17.8.34525.116
MinimumVisualStudioVersion = 10.0.40219.1
Project("{FAE04EC0-301F-11D3-BF4B-00C04F79EFBC}") = "№16_Points", "№16_Points.csproj", "{3BDE548D-BBA0-4459-8CE4-C9255E4AC58C}"
EndProject
Global
	GlobalSection(SolutionConfigurationPlatforms) = preSolution
		Debug|Any CPU = Debug|Any CPU
		Release|Any CPU = Release|Any CPU
	EndGlobalSection
	GlobalSection(ProjectConfigurationPlatforms) = postSolution
		{3BDE548D-BBA0-4459-8CE4-C9255E4AC58C}.Debug|Any CPU.ActiveCfg = Debug|Any CPU
		{3BDE548D-BBA0-4459-8CE4-C9255E4AC58C}.Debug|Any CPU.Build.0 = Debug|Any CPU
		{3BDE548D-BBA0-4459-8CE4-C9255E4AC58C}.Release|Any CPU.ActiveCfg = Release|Any CPU
		{3BDE548D-BBA0-4459-8CE4-C9255E4AC58C}.Release|Any CPU.Build.0 = Release|Any CPU
	EndGlobalSection
	GlobalSection(SolutionProperties) = preSolution
		HideSolutionNode = FALSE
	EndGlobalSection
	GlobalSection(ExtensibilityGlobals) = postSolution
		SolutionGuid = {1D159029-A1F5-48AC-A3ED-80F3C3900FE3}
	EndGlobalSection
EndGlobal
