
Microsoft Visual Studio Solution File, Format Version 12.00
# Visual Studio Version 17
VisualStudioVersion = 17.8.34525.116
MinimumVisualStudioVersion = 10.0.40219.1
Project("{FAE04EC0-301F-11D3-BF4B-00C04F79EFBC}") = "TicTacToe", "TicTacToe.csproj", "{D6669995-D72D-4BFE-8BB6-D3804B515474}"
EndProject
Global
	GlobalSection(SolutionConfigurationPlatforms) = preSolution
		Debug|Any CPU = Debug|Any CPU
		Release|Any CPU = Release|Any CPU
	EndGlobalSection
	GlobalSection(ProjectConfigurationPlatforms) = postSolution
		{D6669995-D72D-4BFE-8BB6-D3804B515474}.Debug|Any CPU.ActiveCfg = Debug|Any CPU
		{D6669995-D72D-4BFE-8BB6-D3804B515474}.Debug|Any CPU.Build.0 = Debug|Any CPU
		{D6669995-D72D-4BFE-8BB6-D3804B515474}.Release|Any CPU.ActiveCfg = Release|Any CPU
		{D6669995-D72D-4BFE-8BB6-D3804B515474}.Release|Any CPU.Build.0 = Release|Any CPU
	EndGlobalSection
	GlobalSection(SolutionProperties) = preSolution
		HideSolutionNode = FALSE
	EndGlobalSection
	GlobalSection(ExtensibilityGlobals) = postSolution
		SolutionGuid = {D5043148-9557-4767-870C-CC4561FDAC77}
	EndGlobalSection
EndGlobal
