
Microsoft Visual Studio Solution File, Format Version 12.00
# Visual Studio Version 17
VisualStudioVersion = 17.8.34525.116
MinimumVisualStudioVersion = 10.0.40219.1
Project("{FAE04EC0-301F-11D3-BF4B-00C04F79EFBC}") = "№15_TFish", "№15_TFish.csproj", "{1C2F35C0-D34B-4186-A3EE-38883880A415}"
EndProject
Global
	GlobalSection(SolutionConfigurationPlatforms) = preSolution
		Debug|Any CPU = Debug|Any CPU
		Release|Any CPU = Release|Any CPU
	EndGlobalSection
	GlobalSection(ProjectConfigurationPlatforms) = postSolution
		{1C2F35C0-D34B-4186-A3EE-38883880A415}.Debug|Any CPU.ActiveCfg = Debug|Any CPU
		{1C2F35C0-D34B-4186-A3EE-38883880A415}.Debug|Any CPU.Build.0 = Debug|Any CPU
		{1C2F35C0-D34B-4186-A3EE-38883880A415}.Release|Any CPU.ActiveCfg = Release|Any CPU
		{1C2F35C0-D34B-4186-A3EE-38883880A415}.Release|Any CPU.Build.0 = Release|Any CPU
	EndGlobalSection
	GlobalSection(SolutionProperties) = preSolution
		HideSolutionNode = FALSE
	EndGlobalSection
	GlobalSection(ExtensibilityGlobals) = postSolution
		SolutionGuid = {C076D983-B09A-475E-9A43-DE2D2C8931AC}
	EndGlobalSection
EndGlobal
